
Microsoft Visual Studio Solution File, Format Version 12.00
Project("{FAE04EC0-301F-11D3-BF4B-00C04F79EFBC}") = "KolokwiumAPBD2_Poprawa", "KolokwiumAPBD2_Poprawa\KolokwiumAPBD2_Poprawa.csproj", "{E90BEC8F-04A2-45A0-BACC-E63A039F044B}"
EndProject
Global
	GlobalSection(SolutionConfigurationPlatforms) = preSolution
		Debug|Any CPU = Debug|Any CPU
		Release|Any CPU = Release|Any CPU
	EndGlobalSection
	GlobalSection(ProjectConfigurationPlatforms) = postSolution
		{E90BEC8F-04A2-45A0-BACC-E63A039F044B}.Debug|Any CPU.ActiveCfg = Debug|Any CPU
		{E90BEC8F-04A2-45A0-BACC-E63A039F044B}.Debug|Any CPU.Build.0 = Debug|Any CPU
		{E90BEC8F-04A2-45A0-BACC-E63A039F044B}.Release|Any CPU.ActiveCfg = Release|Any CPU
		{E90BEC8F-04A2-45A0-BACC-E63A039F044B}.Release|Any CPU.Build.0 = Release|Any CPU
	EndGlobalSection
EndGlobal
